// !$*UTF8*$!
{
	archiveVersion = 1;
	classes = {
	};
	objectVersion = 50;
	objects = {

/* Begin PBXBuildFile section */
		185704AB253EF070003CD480 /* EventCell.swift in Sources */ = {isa = PBXBuildFile; fileRef = 185704A9253EF070003CD480 /* EventCell.swift */; };
		185704AC253EF070003CD480 /* EventCell.xib in Resources */ = {isa = PBXBuildFile; fileRef = 185704AA253EF070003CD480 /* EventCell.xib */; };
		185704AF253EFAF6003CD480 /* UIView.swift in Sources */ = {isa = PBXBuildFile; fileRef = 185704AE253EFAF6003CD480 /* UIView.swift */; };
		185704B8253F61F9003CD480 /* PopularEventCell.swift in Sources */ = {isa = PBXBuildFile; fileRef = 185704B7253F61F9003CD480 /* PopularEventCell.swift */; };
		185704BD253F6C72003CD480 /* APIClient.swift in Sources */ = {isa = PBXBuildFile; fileRef = 185704BA253F6C72003CD480 /* APIClient.swift */; };
		185704BE253F6C72003CD480 /* HttpUtility.swift in Sources */ = {isa = PBXBuildFile; fileRef = 185704BB253F6C72003CD480 /* HttpUtility.swift */; };
		185704BF253F6C72003CD480 /* AKError.swift in Sources */ = {isa = PBXBuildFile; fileRef = 185704BC253F6C72003CD480 /* AKError.swift */; };
		185704C2253F6DB2003CD480 /* TaskModel.swift in Sources */ = {isa = PBXBuildFile; fileRef = 185704C1253F6DB2003CD480 /* TaskModel.swift */; };
		18F163CA253D8CAA00F58613 /* AppDelegate.swift in Sources */ = {isa = PBXBuildFile; fileRef = 18F163C9253D8CAA00F58613 /* AppDelegate.swift */; };
		18F163CC253D8CAA00F58613 /* SceneDelegate.swift in Sources */ = {isa = PBXBuildFile; fileRef = 18F163CB253D8CAA00F58613 /* SceneDelegate.swift */; };
		18F163CE253D8CAA00F58613 /* ViewController.swift in Sources */ = {isa = PBXBuildFile; fileRef = 18F163CD253D8CAA00F58613 /* ViewController.swift */; };
		18F163D1253D8CAA00F58613 /* Main.storyboard in Resources */ = {isa = PBXBuildFile; fileRef = 18F163CF253D8CAA00F58613 /* Main.storyboard */; };
		18F163D3253D8CAD00F58613 /* Assets.xcassets in Resources */ = {isa = PBXBuildFile; fileRef = 18F163D2253D8CAD00F58613 /* Assets.xcassets */; };
		18F163D6253D8CAD00F58613 /* LaunchScreen.storyboard in Resources */ = {isa = PBXBuildFile; fileRef = 18F163D4253D8CAD00F58613 /* LaunchScreen.storyboard */; };
		18F163E3253D92C400F58613 /* DateCell.swift in Sources */ = {isa = PBXBuildFile; fileRef = 18F163E1253D92C400F58613 /* DateCell.swift */; };
		18F163E4253D92C400F58613 /* DateCell.xib in Resources */ = {isa = PBXBuildFile; fileRef = 18F163E2253D92C400F58613 /* DateCell.xib */; };
/* End PBXBuildFile section */

/* Begin PBXFileReference section */
		185704A9253EF070003CD480 /* EventCell.swift */ = {isa = PBXFileReference; lastKnownFileType = sourcecode.swift; path = EventCell.swift; sourceTree = "<group>"; };
		185704AA253EF070003CD480 /* EventCell.xib */ = {isa = PBXFileReference; lastKnownFileType = file.xib; path = EventCell.xib; sourceTree = "<group>"; };
		185704AE253EFAF6003CD480 /* UIView.swift */ = {isa = PBXFileReference; lastKnownFileType = sourcecode.swift; path = UIView.swift; sourceTree = "<group>"; };
		185704B7253F61F9003CD480 /* PopularEventCell.swift */ = {isa = PBXFileReference; lastKnownFileType = sourcecode.swift; path = PopularEventCell.swift; sourceTree = "<group>"; };
		185704BA253F6C72003CD480 /* APIClient.swift */ = {isa = PBXFileReference; fileEncoding = 4; lastKnownFileType = sourcecode.swift; path = APIClient.swift; sourceTree = "<group>"; };
		185704BB253F6C72003CD480 /* HttpUtility.swift */ = {isa = PBXFileReference; fileEncoding = 4; lastKnownFileType = sourcecode.swift; path = HttpUtility.swift; sourceTree = "<group>"; };
		185704BC253F6C72003CD480 /* AKError.swift */ = {isa = PBXFileReference; fileEncoding = 4; lastKnownFileType = sourcecode.swift; path = AKError.swift; sourceTree = "<group>"; };
		185704C1253F6DB2003CD480 /* TaskModel.swift */ = {isa = PBXFileReference; lastKnownFileType = sourcecode.swift; path = TaskModel.swift; sourceTree = "<group>"; };
		18F163C6253D8CAA00F58613 /* Task-Ahtazaz.app */ = {isa = PBXFileReference; explicitFileType = wrapper.application; includeInIndex = 0; path = "Task-Ahtazaz.app"; sourceTree = BUILT_PRODUCTS_DIR; };
		18F163C9253D8CAA00F58613 /* AppDelegate.swift */ = {isa = PBXFileReference; lastKnownFileType = sourcecode.swift; path = AppDelegate.swift; sourceTree = "<group>"; };
		18F163CB253D8CAA00F58613 /* SceneDelegate.swift */ = {isa = PBXFileReference; lastKnownFileType = sourcecode.swift; path = SceneDelegate.swift; sourceTree = "<group>"; };
		18F163CD253D8CAA00F58613 /* ViewController.swift */ = {isa = PBXFileReference; lastKnownFileType = sourcecode.swift; path = ViewController.swift; sourceTree = "<group>"; };
		18F163D0253D8CAA00F58613 /* Base */ = {isa = PBXFileReference; lastKnownFileType = file.storyboard; name = Base; path = Base.lproj/Main.storyboard; sourceTree = "<group>"; };
		18F163D2253D8CAD00F58613 /* Assets.xcassets */ = {isa = PBXFileReference; lastKnownFileType = folder.assetcatalog; path = Assets.xcassets; sourceTree = "<group>"; };
		18F163D5253D8CAD00F58613 /* Base */ = {isa = PBXFileReference; lastKnownFileType = file.storyboard; name = Base; path = Base.lproj/LaunchScreen.storyboard; sourceTree = "<group>"; };
		18F163D7253D8CAD00F58613 /* Info.plist */ = {isa = PBXFileReference; lastKnownFileType = text.plist.xml; path = Info.plist; sourceTree = "<group>"; };
		18F163E1253D92C400F58613 /* DateCell.swift */ = {isa = PBXFileReference; lastKnownFileType = sourcecode.swift; path = DateCell.swift; sourceTree = "<group>"; };
		18F163E2253D92C400F58613 /* DateCell.xib */ = {isa = PBXFileReference; lastKnownFileType = file.xib; path = DateCell.xib; sourceTree = "<group>"; };
/* End PBXFileReference section */

/* Begin PBXFrameworksBuildPhase section */
		18F163C3253D8CAA00F58613 /* Frameworks */ = {
			isa = PBXFrameworksBuildPhase;
			buildActionMask = 2147483647;
			files = (
			);
			runOnlyForDeploymentPostprocessing = 0;
		};
/* End PBXFrameworksBuildPhase section */

/* Begin PBXGroup section */
		185704AD253EFAE6003CD480 /* Extension */ = {
			isa = PBXGroup;
			children = (
				185704AE253EFAF6003CD480 /* UIView.swift */,
			);
			path = Extension;
			sourceTree = "<group>";
		};
		185704B9253F6C46003CD480 /* NetworkLayer */ = {
			isa = PBXGroup;
			children = (
				185704BC253F6C72003CD480 /* AKError.swift */,
				185704BA253F6C72003CD480 /* APIClient.swift */,
				185704BB253F6C72003CD480 /* HttpUtility.swift */,
			);
			path = NetworkLayer;
			sourceTree = "<group>";
		};
		185704C0253F6DA4003CD480 /* Model */ = {
			isa = PBXGroup;
			children = (
				185704C1253F6DB2003CD480 /* TaskModel.swift */,
			);
			path = Model;
			sourceTree = "<group>";
		};
		185704C3253F797D003CD480 /* Controller */ = {
			isa = PBXGroup;
			children = (
				18F163DD253D924C00F58613 /* Cell */,
				18F163CD253D8CAA00F58613 /* ViewController.swift */,
			);
			path = Controller;
			sourceTree = "<group>";
		};
		185704C4253F7983003CD480 /* Storyboard */ = {
			isa = PBXGroup;
			children = (
				18F163CF253D8CAA00F58613 /* Main.storyboard */,
				18F163D4253D8CAD00F58613 /* LaunchScreen.storyboard */,
			);
			path = Storyboard;
			sourceTree = "<group>";
		};
		18F163BD253D8CAA00F58613 = {
			isa = PBXGroup;
			children = (
				18F163C8253D8CAA00F58613 /* Task-Ahtazaz */,
				18F163C7253D8CAA00F58613 /* Products */,
			);
			sourceTree = "<group>";
		};
		18F163C7253D8CAA00F58613 /* Products */ = {
			isa = PBXGroup;
			children = (
				18F163C6253D8CAA00F58613 /* Task-Ahtazaz.app */,
			);
			name = Products;
			sourceTree = "<group>";
		};
		18F163C8253D8CAA00F58613 /* Task-Ahtazaz */ = {
			isa = PBXGroup;
			children = (
				185704C4253F7983003CD480 /* Storyboard */,
				185704C3253F797D003CD480 /* Controller */,
				185704C0253F6DA4003CD480 /* Model */,
				185704B9253F6C46003CD480 /* NetworkLayer */,
				185704AD253EFAE6003CD480 /* Extension */,
				18F163C9253D8CAA00F58613 /* AppDelegate.swift */,
				18F163CB253D8CAA00F58613 /* SceneDelegate.swift */,
				18F163D2253D8CAD00F58613 /* Assets.xcassets */,
				18F163D7253D8CAD00F58613 /* Info.plist */,
			);
			path = "Task-Ahtazaz";
			sourceTree = "<group>";
		};
		18F163DD253D924C00F58613 /* Cell */ = {
			isa = PBXGroup;
			children = (
				18F163E1253D92C400F58613 /* DateCell.swift */,
				18F163E2253D92C400F58613 /* DateCell.xib */,
				185704A9253EF070003CD480 /* EventCell.swift */,
				185704AA253EF070003CD480 /* EventCell.xib */,
				185704B7253F61F9003CD480 /* PopularEventCell.swift */,
			);
			path = Cell;
			sourceTree = "<group>";
		};
/* End PBXGroup section */

/* Begin PBXNativeTarget section */
		18F163C5253D8CAA00F58613 /* Task-Ahtazaz */ = {
			isa = PBXNativeTarget;
			buildConfigurationList = 18F163DA253D8CAD00F58613 /* Build configuration list for PBXNativeTarget "Task-Ahtazaz" */;
			buildPhases = (
				18F163C2253D8CAA00F58613 /* Sources */,
				18F163C3253D8CAA00F58613 /* Frameworks */,
				18F163C4253D8CAA00F58613 /* Resources */,
			);
			buildRules = (
			);
			dependencies = (
			);
			name = "Task-Ahtazaz";
			productName = "Task-Ahtazaz";
			productReference = 18F163C6253D8CAA00F58613 /* Task-Ahtazaz.app */;
			productType = "com.apple.product-type.application";
		};
/* End PBXNativeTarget section */

/* Begin PBXProject section */
		18F163BE253D8CAA00F58613 /* Project object */ = {
			isa = PBXProject;
			attributes = {
				LastSwiftUpdateCheck = 1160;
				LastUpgradeCheck = 1160;
				ORGANIZATIONNAME = Ahtazaz;
				TargetAttributes = {
					18F163C5253D8CAA00F58613 = {
						CreatedOnToolsVersion = 11.6;
					};
				};
			};
			buildConfigurationList = 18F163C1253D8CAA00F58613 /* Build configuration list for PBXProject "Task-Ahtazaz" */;
			compatibilityVersion = "Xcode 9.3";
			developmentRegion = en;
			hasScannedForEncodings = 0;
			knownRegions = (
				en,
				Base,
			);
			mainGroup = 18F163BD253D8CAA00F58613;
			productRefGroup = 18F163C7253D8CAA00F58613 /* Products */;
			projectDirPath = "";
			projectRoot = "";
			targets = (
				18F163C5253D8CAA00F58613 /* Task-Ahtazaz */,
			);
		};
/* End PBXProject section */

/* Begin PBXResourcesBuildPhase section */
		18F163C4253D8CAA00F58613 /* Resources */ = {
			isa = PBXResourcesBuildPhase;
			buildActionMask = 2147483647;
			files = (
				18F163D6253D8CAD00F58613 /* LaunchScreen.storyboard in Resources */,
				18F163D3253D8CAD00F58613 /* Assets.xcassets in Resources */,
				18F163D1253D8CAA00F58613 /* Main.storyboard in Resources */,
				185704AC253EF070003CD480 /* EventCell.xib in Resources */,
				18F163E4253D92C400F58613 /* DateCell.xib in Resources */,
			);
			runOnlyForDeploymentPostprocessing = 0;
		};
/* End PBXResourcesBuildPhase section */

/* Begin PBXSourcesBuildPhase section */
		18F163C2253D8CAA00F58613 /* Sources */ = {
			isa = PBXSourcesBuildPhase;
			buildActionMask = 2147483647;
			files = (
				185704BE253F6C72003CD480 /* HttpUtility.swift in Sources */,
				18F163CE253D8CAA00F58613 /* ViewController.swift in Sources */,
				18F163CA253D8CAA00F58613 /* AppDelegate.swift in Sources */,
				185704AB253EF070003CD480 /* EventCell.swift in Sources */,
				18F163CC253D8CAA00F58613 /* SceneDelegate.swift in Sources */,
				185704AF253EFAF6003CD480 /* UIView.swift in Sources */,
				185704B8253F61F9003CD480 /* PopularEventCell.swift in Sources */,
				18F163E3253D92C400F58613 /* DateCell.swift in Sources */,
				185704C2253F6DB2003CD480 /* TaskModel.swift in Sources */,
				185704BD253F6C72003CD480 /* APIClient.swift in Sources */,
				185704BF253F6C72003CD480 /* AKError.swift in Sources */,
			);
			runOnlyForDeploymentPostprocessing = 0;
		};
/* End PBXSourcesBuildPhase section */

/* Begin PBXVariantGroup section */
		18F163CF253D8CAA00F58613 /* Main.storyboard */ = {
			isa = PBXVariantGroup;
			children = (
				18F163D0253D8CAA00F58613 /* Base */,
			);
			name = Main.storyboard;
			sourceTree = "<group>";
		};
		18F163D4253D8CAD00F58613 /* LaunchScreen.storyboard */ = {
			isa = PBXVariantGroup;
			children = (
				18F163D5253D8CAD00F58613 /* Base */,
			);
			name = LaunchScreen.storyboard;
			sourceTree = "<group>";
		};
/* End PBXVariantGroup section */

/* Begin XCBuildConfiguration section */
		18F163D8253D8CAD00F58613 /* Debug */ = {
			isa = XCBuildConfiguration;
			buildSettings = {
				ALWAYS_SEARCH_USER_PATHS = NO;
				CLANG_ANALYZER_NONNULL = YES;
				CLANG_ANALYZER_NUMBER_OBJECT_CONVERSION = YES_AGGRESSIVE;
				CLANG_CXX_LANGUAGE_STANDARD = "gnu++14";
				CLANG_CXX_LIBRARY = "libc++";
				CLANG_ENABLE_MODULES = YES;
				CLANG_ENABLE_OBJC_ARC = YES;
				CLANG_ENABLE_OBJC_WEAK = YES;
				CLANG_WARN_BLOCK_CAPTURE_AUTORELEASING = YES;
				CLANG_WARN_BOOL_CONVERSION = YES;
				CLANG_WARN_COMMA = YES;
				CLANG_WARN_CONSTANT_CONVERSION = YES;
				CLANG_WARN_DEPRECATED_OBJC_IMPLEMENTATIONS = YES;
				CLANG_WARN_DIRECT_OBJC_ISA_USAGE = YES_ERROR;
				CLANG_WARN_DOCUMENTATION_COMMENTS = YES;
				CLANG_WARN_EMPTY_BODY = YES;
				CLANG_WARN_ENUM_CONVERSION = YES;
				CLANG_WARN_INFINITE_RECURSION = YES;
				CLANG_WARN_INT_CONVERSION = YES;
				CLANG_WARN_NON_LITERAL_NULL_CONVERSION = YES;
				CLANG_WARN_OBJC_IMPLICIT_RETAIN_SELF = YES;
				CLANG_WARN_OBJC_LITERAL_CONVERSION = YES;
				CLANG_WARN_OBJC_ROOT_CLASS = YES_ERROR;
				CLANG_WARN_RANGE_LOOP_ANALYSIS = YES;
				CLANG_WARN_STRICT_PROTOTYPES = YES;
				CLANG_WARN_SUSPICIOUS_MOVE = YES;
				CLANG_WARN_UNGUARDED_AVAILABILITY = YES_AGGRESSIVE;
				CLANG_WARN_UNREACHABLE_CODE = YES;
				CLANG_WARN__DUPLICATE_METHOD_MATCH = YES;
				COPY_PHASE_STRIP = NO;
				DEBUG_INFORMATION_FORMAT = dwarf;
				ENABLE_STRICT_OBJC_MSGSEND = YES;
				ENABLE_TESTABILITY = YES;
				GCC_C_LANGUAGE_STANDARD = gnu11;
				GCC_DYNAMIC_NO_PIC = NO;
				GCC_NO_COMMON_BLOCKS = YES;
				GCC_OPTIMIZATION_LEVEL = 0;
				GCC_PREPROCESSOR_DEFINITIONS = (
					"DEBUG=1",
					"$(inherited)",
				);
				GCC_WARN_64_TO_32_BIT_CONVERSION = YES;
				GCC_WARN_ABOUT_RETURN_TYPE = YES_ERROR;
				GCC_WARN_UNDECLARED_SELECTOR = YES;
				GCC_WARN_UNINITIALIZED_AUTOS = YES_AGGRESSIVE;
				GCC_WARN_UNUSED_FUNCTION = YES;
				GCC_WARN_UNUSED_VARIABLE = YES;
				IPHONEOS_DEPLOYMENT_TARGET = 13.6;
				MTL_ENABLE_DEBUG_INFO = INCLUDE_SOURCE;
				MTL_FAST_MATH = YES;
				ONLY_ACTIVE_ARCH = YES;
				SDKROOT = iphoneos;
				SWIFT_ACTIVE_COMPILATION_CONDITIONS = DEBUG;
				SWIFT_OPTIMIZATION_LEVEL = "-Onone";
			};
			name = Debug;
		};
		18F163D9253D8CAD00F58613 /* Release */ = {
			isa = XCBuildConfiguration;
			buildSettings = {
				ALWAYS_SEARCH_USER_PATHS = NO;
				CLANG_ANALYZER_NONNULL = YES;
				CLANG_ANALYZER_NUMBER_OBJECT_CONVERSION = YES_AGGRESSIVE;
				CLANG_CXX_LANGUAGE_STANDARD = "gnu++14";
				CLANG_CXX_LIBRARY = "libc++";
				CLANG_ENABLE_MODULES = YES;
				CLANG_ENABLE_OBJC_ARC = YES;
				CLANG_ENABLE_OBJC_WEAK = YES;
				CLANG_WARN_BLOCK_CAPTURE_AUTORELEASING = YES;
				CLANG_WARN_BOOL_CONVERSION = YES;
				CLANG_WARN_COMMA = YES;
				CLANG_WARN_CONSTANT_CONVERSION = YES;
				CLANG_WARN_DEPRECATED_OBJC_IMPLEMENTATIONS = YES;
				CLANG_WARN_DIRECT_OBJC_ISA_USAGE = YES_ERROR;
				CLANG_WARN_DOCUMENTATION_COMMENTS = YES;
				CLANG_WARN_EMPTY_BODY = YES;
				CLANG_WARN_ENUM_CONVERSION = YES;
				CLANG_WARN_INFINITE_RECURSION = YES;
				CLANG_WARN_INT_CONVERSION = YES;
				CLANG_WARN_NON_LITERAL_NULL_CONVERSION = YES;
				CLANG_WARN_OBJC_IMPLICIT_RETAIN_SELF = YES;
				CLANG_WARN_OBJC_LITERAL_CONVERSION = YES;
				CLANG_WARN_OBJC_ROOT_CLASS = YES_ERROR;
				CLANG_WARN_RANGE_LOOP_ANALYSIS = YES;
				CLANG_WARN_STRICT_PROTOTYPES = YES;
				CLANG_WARN_SUSPICIOUS_MOVE = YES;
				CLANG_WARN_UNGUARDED_AVAILABILITY = YES_AGGRESSIVE;
				CLANG_WARN_UNREACHABLE_CODE = YES;
				CLANG_WARN__DUPLICATE_METHOD_MATCH = YES;
				COPY_PHASE_STRIP = NO;
				DEBUG_INFORMATION_FORMAT = "dwarf-with-dsym";
				ENABLE_NS_ASSERTIONS = NO;
				ENABLE_STRICT_OBJC_MSGSEND = YES;
				GCC_C_LANGUAGE_STANDARD = gnu11;
				GCC_NO_COMMON_BLOCKS = YES;
				GCC_WARN_64_TO_32_BIT_CONVERSION = YES;
				GCC_WARN_ABOUT_RETURN_TYPE = YES_ERROR;
				GCC_WARN_UNDECLARED_SELECTOR = YES;
				GCC_WARN_UNINITIALIZED_AUTOS = YES_AGGRESSIVE;
				GCC_WARN_UNUSED_FUNCTION = YES;
				GCC_WARN_UNUSED_VARIABLE = YES;
				IPHONEOS_DEPLOYMENT_TARGET = 13.6;
				MTL_ENABLE_DEBUG_INFO = NO;
				MTL_FAST_MATH = YES;
				SDKROOT = iphoneos;
				SWIFT_COMPILATION_MODE = wholemodule;
				SWIFT_OPTIMIZATION_LEVEL = "-O";
				VALIDATE_PRODUCT = YES;
			};
			name = Release;
		};
		18F163DB253D8CAD00F58613 /* Debug */ = {
			isa = XCBuildConfiguration;
			buildSettings = {
				ASSETCATALOG_COMPILER_APPICON_NAME = AppIcon;
				CODE_SIGN_STYLE = Automatic;
				DEVELOPMENT_TEAM = C3JKXP4T84;
				INFOPLIST_FILE = "Task-Ahtazaz/Info.plist";
				LD_RUNPATH_SEARCH_PATHS = (
					"$(inherited)",
					"@executable_path/Frameworks",
				);
				PRODUCT_BUNDLE_IDENTIFIER = "AhtazazKhan.Task-Ahtazaz";
				PRODUCT_NAME = "$(TARGET_NAME)";
				SWIFT_VERSION = 5.0;
				TARGETED_DEVICE_FAMILY = "1,2";
			};
			name = Debug;
		};
		18F163DC253D8CAD00F58613 /* Release */ = {
			isa = XCBuildConfiguration;
			buildSettings = {
				ASSETCATALOG_COMPILER_APPICON_NAME = AppIcon;
				CODE_SIGN_STYLE = Automatic;
				DEVELOPMENT_TEAM = C3JKXP4T84;
				INFOPLIST_FILE = "Task-Ahtazaz/Info.plist";
				LD_RUNPATH_SEARCH_PATHS = (
					"$(inherited)",
					"@executable_path/Frameworks",
				);
				PRODUCT_BUNDLE_IDENTIFIER = "AhtazazKhan.Task-Ahtazaz";
				PRODUCT_NAME = "$(TARGET_NAME)";
				SWIFT_VERSION = 5.0;
				TARGETED_DEVICE_FAMILY = "1,2";
			};
			name = Release;
		};
/* End XCBuildConfiguration section */

/* Begin XCConfigurationList section */
		18F163C1253D8CAA00F58613 /* Build configuration list for PBXProject "Task-Ahtazaz" */ = {
			isa = XCConfigurationList;
			buildConfigurations = (
				18F163D8253D8CAD00F58613 /* Debug */,
				18F163D9253D8CAD00F58613 /* Release */,
			);
			defaultConfigurationIsVisible = 0;
			defaultConfigurationName = Release;
		};
		18F163DA253D8CAD00F58613 /* Build configuration list for PBXNativeTarget "Task-Ahtazaz" */ = {
			isa = XCConfigurationList;
			buildConfigurations = (
				18F163DB253D8CAD00F58613 /* Debug */,
				18F163DC253D8CAD00F58613 /* Release */,
			);
			defaultConfigurationIsVisible = 0;
			defaultConfigurationName = Release;
		};
/* End XCConfigurationList section */
	};
	rootObject = 18F163BE253D8CAA00F58613 /* Project object */;
}
